// !$*UTF8*$!
{
	archiveVersion = 1;
	classes = {
	};
	objectVersion = 50;
	objects = {

/* Begin PBXBuildFile section */
		3A4A6100019BDC8D771ED86F /* Pods_lambda_testerooUITests.framework in Frameworks */ = {isa = PBXBuildFile; fileRef = 4C58795873A9E6EE32352358 /* Pods_lambda_testerooUITests.framework */; };
		4BE7D3E4A3C0F1EA78E62F30 /* Pods_lambda_testerooTests.framework in Frameworks */ = {isa = PBXBuildFile; fileRef = 687CA072DADA3269A8762984 /* Pods_lambda_testerooTests.framework */; };
		6A095F87217BE10B00DACA70 /* AppDelegate.swift in Sources */ = {isa = PBXBuildFile; fileRef = 6A095F86217BE10B00DACA70 /* AppDelegate.swift */; };
		6A095F89217BE10B00DACA70 /* ViewController.swift in Sources */ = {isa = PBXBuildFile; fileRef = 6A095F88217BE10B00DACA70 /* ViewController.swift */; };
		6A095F8C217BE10B00DACA70 /* Main.storyboard in Resources */ = {isa = PBXBuildFile; fileRef = 6A095F8A217BE10B00DACA70 /* Main.storyboard */; };
		6A095F8E217BE10E00DACA70 /* Assets.xcassets in Resources */ = {isa = PBXBuildFile; fileRef = 6A095F8D217BE10E00DACA70 /* Assets.xcassets */; };
		6A095F91217BE10E00DACA70 /* LaunchScreen.storyboard in Resources */ = {isa = PBXBuildFile; fileRef = 6A095F8F217BE10E00DACA70 /* LaunchScreen.storyboard */; };
		6A095F9C217BE10E00DACA70 /* lambda_testerooTests.swift in Sources */ = {isa = PBXBuildFile; fileRef = 6A095F9B217BE10E00DACA70 /* lambda_testerooTests.swift */; };
		6A095FA7217BE10E00DACA70 /* lambda_testerooUITests.swift in Sources */ = {isa = PBXBuildFile; fileRef = 6A095FA6217BE10E00DACA70 /* lambda_testerooUITests.swift */; };
		6A2363F3217BE6C000D8CA33 /* Podfile in Resources */ = {isa = PBXBuildFile; fileRef = 6A2363F2217BE6C000D8CA33 /* Podfile */; };
		FC6B3F86227A737000081881 /* Pods_lambda_testeroo.framework in Frameworks */ = {isa = PBXBuildFile; fileRef = 635A97EADC6F2E2A99D197A4 /* Pods_lambda_testeroo.framework */; };
/* End PBXBuildFile section */

/* Begin PBXContainerItemProxy section */
		6A095F98217BE10E00DACA70 /* PBXContainerItemProxy */ = {
			isa = PBXContainerItemProxy;
			containerPortal = 6A095F7B217BE10B00DACA70 /* Project object */;
			proxyType = 1;
			remoteGlobalIDString = 6A095F82217BE10B00DACA70;
			remoteInfo = "lambda-testeroo";
		};
		6A095FA3217BE10E00DACA70 /* PBXContainerItemProxy */ = {
			isa = PBXContainerItemProxy;
			containerPortal = 6A095F7B217BE10B00DACA70 /* Project object */;
			proxyType = 1;
			remoteGlobalIDString = 6A095F82217BE10B00DACA70;
			remoteInfo = "lambda-testeroo";
		};
/* End PBXContainerItemProxy section */

/* Begin PBXFileReference section */
		4C58795873A9E6EE32352358 /* Pods_lambda_testerooUITests.framework */ = {isa = PBXFileReference; explicitFileType = wrapper.framework; includeInIndex = 0; path = Pods_lambda_testerooUITests.framework; sourceTree = BUILT_PRODUCTS_DIR; };
		54C6885347BC6FDCD53C0084 /* Pods-lambda-testerooTests.debug.xcconfig */ = {isa = PBXFileReference; includeInIndex = 1; lastKnownFileType = text.xcconfig; name = "Pods-lambda-testerooTests.debug.xcconfig"; path = "Pods/Target Support Files/Pods-lambda-testerooTests/Pods-lambda-testerooTests.debug.xcconfig"; sourceTree = "<group>"; };
		58340AE07BC7005F19041380 /* Pods-lambda-testeroo.debug.xcconfig */ = {isa = PBXFileReference; includeInIndex = 1; lastKnownFileType = text.xcconfig; name = "Pods-lambda-testeroo.debug.xcconfig"; path = "Pods/Target Support Files/Pods-lambda-testeroo/Pods-lambda-testeroo.debug.xcconfig"; sourceTree = "<group>"; };
		635A97EADC6F2E2A99D197A4 /* Pods_lambda_testeroo.framework */ = {isa = PBXFileReference; explicitFileType = wrapper.framework; includeInIndex = 0; path = Pods_lambda_testeroo.framework; sourceTree = BUILT_PRODUCTS_DIR; };
		687CA072DADA3269A8762984 /* Pods_lambda_testerooTests.framework */ = {isa = PBXFileReference; explicitFileType = wrapper.framework; includeInIndex = 0; path = Pods_lambda_testerooTests.framework; sourceTree = BUILT_PRODUCTS_DIR; };
		6A095F83217BE10B00DACA70 /* lambda-testeroo.app */ = {isa = PBXFileReference; explicitFileType = wrapper.application; includeInIndex = 0; path = "lambda-testeroo.app"; sourceTree = BUILT_PRODUCTS_DIR; };
		6A095F86217BE10B00DACA70 /* AppDelegate.swift */ = {isa = PBXFileReference; lastKnownFileType = sourcecode.swift; path = AppDelegate.swift; sourceTree = "<group>"; };
		6A095F88217BE10B00DACA70 /* ViewController.swift */ = {isa = PBXFileReference; lastKnownFileType = sourcecode.swift; path = ViewController.swift; sourceTree = "<group>"; };
		6A095F8B217BE10B00DACA70 /* Base */ = {isa = PBXFileReference; lastKnownFileType = file.storyboard; name = Base; path = Base.lproj/Main.storyboard; sourceTree = "<group>"; };
		6A095F8D217BE10E00DACA70 /* Assets.xcassets */ = {isa = PBXFileReference; lastKnownFileType = folder.assetcatalog; path = Assets.xcassets; sourceTree = "<group>"; };
		6A095F90217BE10E00DACA70 /* Base */ = {isa = PBXFileReference; lastKnownFileType = file.storyboard; name = Base; path = Base.lproj/LaunchScreen.storyboard; sourceTree = "<group>"; };
		6A095F92217BE10E00DACA70 /* Info.plist */ = {isa = PBXFileReference; lastKnownFileType = text.plist.xml; path = Info.plist; sourceTree = "<group>"; };
		6A095F97217BE10E00DACA70 /* lambda-testerooTests.xctest */ = {isa = PBXFileReference; explicitFileType = wrapper.cfbundle; includeInIndex = 0; path = "lambda-testerooTests.xctest"; sourceTree = BUILT_PRODUCTS_DIR; };
		6A095F9B217BE10E00DACA70 /* lambda_testerooTests.swift */ = {isa = PBXFileReference; lastKnownFileType = sourcecode.swift; path = lambda_testerooTests.swift; sourceTree = "<group>"; };
		6A095F9D217BE10E00DACA70 /* Info.plist */ = {isa = PBXFileReference; lastKnownFileType = text.plist.xml; path = Info.plist; sourceTree = "<group>"; };
		6A095FA2217BE10E00DACA70 /* lambda-testerooUITests.xctest */ = {isa = PBXFileReference; explicitFileType = wrapper.cfbundle; includeInIndex = 0; path = "lambda-testerooUITests.xctest"; sourceTree = BUILT_PRODUCTS_DIR; };
		6A095FA6217BE10E00DACA70 /* lambda_testerooUITests.swift */ = {isa = PBXFileReference; lastKnownFileType = sourcecode.swift; path = lambda_testerooUITests.swift; sourceTree = "<group>"; };
		6A095FA8217BE10E00DACA70 /* Info.plist */ = {isa = PBXFileReference; lastKnownFileType = text.plist.xml; path = Info.plist; sourceTree = "<group>"; };
		6A2363F2217BE6C000D8CA33 /* Podfile */ = {isa = PBXFileReference; fileEncoding = 4; lastKnownFileType = text; path = Podfile; sourceTree = "<group>"; xcLanguageSpecificationIdentifier = xcode.lang.ruby; };
		9700695B5920A670B4BF0BBF /* Pods-lambda-testerooUITests.release.xcconfig */ = {isa = PBXFileReference; includeInIndex = 1; lastKnownFileType = text.xcconfig; name = "Pods-lambda-testerooUITests.release.xcconfig"; path = "Pods/Target Support Files/Pods-lambda-testerooUITests/Pods-lambda-testerooUITests.release.xcconfig"; sourceTree = "<group>"; };
		9A9AF5A9284496DDFBD6BF38 /* Pods-lambda-testerooUITests.debug.xcconfig */ = {isa = PBXFileReference; includeInIndex = 1; lastKnownFileType = text.xcconfig; name = "Pods-lambda-testerooUITests.debug.xcconfig"; path = "Pods/Target Support Files/Pods-lambda-testerooUITests/Pods-lambda-testerooUITests.debug.xcconfig"; sourceTree = "<group>"; };
		C670095B9720A1FB3225E8FE /* Pods-lambda-testerooTests.release.xcconfig */ = {isa = PBXFileReference; includeInIndex = 1; lastKnownFileType = text.xcconfig; name = "Pods-lambda-testerooTests.release.xcconfig"; path = "Pods/Target Support Files/Pods-lambda-testerooTests/Pods-lambda-testerooTests.release.xcconfig"; sourceTree = "<group>"; };
		D80BF31AAEC157C441EF3786 /* Pods-lambda-testeroo.release.xcconfig */ = {isa = PBXFileReference; includeInIndex = 1; lastKnownFileType = text.xcconfig; name = "Pods-lambda-testeroo.release.xcconfig"; path = "Pods/Target Support Files/Pods-lambda-testeroo/Pods-lambda-testeroo.release.xcconfig"; sourceTree = "<group>"; };
/* End PBXFileReference section */

/* Begin PBXFrameworksBuildPhase section */
		6A095F80217BE10B00DACA70 /* Frameworks */ = {
			isa = PBXFrameworksBuildPhase;
			buildActionMask = 2147483647;
			files = (
				FC6B3F86227A737000081881 /* Pods_lambda_testeroo.framework in Frameworks */,
			);
			runOnlyForDeploymentPostprocessing = 0;
		};
		6A095F94217BE10E00DACA70 /* Frameworks */ = {
			isa = PBXFrameworksBuildPhase;
			buildActionMask = 2147483647;
			files = (
				4BE7D3E4A3C0F1EA78E62F30 /* Pods_lambda_testerooTests.framework in Frameworks */,
			);
			runOnlyForDeploymentPostprocessing = 0;
		};
		6A095F9F217BE10E00DACA70 /* Frameworks */ = {
			isa = PBXFrameworksBuildPhase;
			buildActionMask = 2147483647;
			files = (
				3A4A6100019BDC8D771ED86F /* Pods_lambda_testerooUITests.framework in Frameworks */,
			);
			runOnlyForDeploymentPostprocessing = 0;
		};
/* End PBXFrameworksBuildPhase section */

/* Begin PBXGroup section */
		6A095F7A217BE10B00DACA70 = {
			isa = PBXGroup;
			children = (
				6A2363F2217BE6C000D8CA33 /* Podfile */,
				6A095F85217BE10B00DACA70 /* lambda-testeroo */,
				6A095F9A217BE10E00DACA70 /* lambda-testerooTests */,
				6A095FA5217BE10E00DACA70 /* lambda-testerooUITests */,
				6A095F84217BE10B00DACA70 /* Products */,
				8A8356D8F08DCDE191DE28C0 /* Pods */,
				8D960714B77D59B365001697 /* Frameworks */,
			);
			sourceTree = "<group>";
		};
		6A095F84217BE10B00DACA70 /* Products */ = {
			isa = PBXGroup;
			children = (
				6A095F83217BE10B00DACA70 /* lambda-testeroo.app */,
				6A095F97217BE10E00DACA70 /* lambda-testerooTests.xctest */,
				6A095FA2217BE10E00DACA70 /* lambda-testerooUITests.xctest */,
			);
			name = Products;
			sourceTree = "<group>";
		};
		6A095F85217BE10B00DACA70 /* lambda-testeroo */ = {
			isa = PBXGroup;
			children = (
				6A095F86217BE10B00DACA70 /* AppDelegate.swift */,
				6A095F88217BE10B00DACA70 /* ViewController.swift */,
				6A095F8A217BE10B00DACA70 /* Main.storyboard */,
				6A095F8D217BE10E00DACA70 /* Assets.xcassets */,
				6A095F8F217BE10E00DACA70 /* LaunchScreen.storyboard */,
				6A095F92217BE10E00DACA70 /* Info.plist */,
			);
			path = "lambda-testeroo";
			sourceTree = "<group>";
		};
		6A095F9A217BE10E00DACA70 /* lambda-testerooTests */ = {
			isa = PBXGroup;
			children = (
				6A095F9B217BE10E00DACA70 /* lambda_testerooTests.swift */,
				6A095F9D217BE10E00DACA70 /* Info.plist */,
			);
			path = "lambda-testerooTests";
			sourceTree = "<group>";
		};
		6A095FA5217BE10E00DACA70 /* lambda-testerooUITests */ = {
			isa = PBXGroup;
			children = (
				6A095FA6217BE10E00DACA70 /* lambda_testerooUITests.swift */,
				6A095FA8217BE10E00DACA70 /* Info.plist */,
			);
			path = "lambda-testerooUITests";
			sourceTree = "<group>";
		};
		8A8356D8F08DCDE191DE28C0 /* Pods */ = {
			isa = PBXGroup;
			children = (
				58340AE07BC7005F19041380 /* Pods-lambda-testeroo.debug.xcconfig */,
				D80BF31AAEC157C441EF3786 /* Pods-lambda-testeroo.release.xcconfig */,
				54C6885347BC6FDCD53C0084 /* Pods-lambda-testerooTests.debug.xcconfig */,
				C670095B9720A1FB3225E8FE /* Pods-lambda-testerooTests.release.xcconfig */,
				9A9AF5A9284496DDFBD6BF38 /* Pods-lambda-testerooUITests.debug.xcconfig */,
				9700695B5920A670B4BF0BBF /* Pods-lambda-testerooUITests.release.xcconfig */,
			);
			name = Pods;
			sourceTree = "<group>";
		};
		8D960714B77D59B365001697 /* Frameworks */ = {
			isa = PBXGroup;
			children = (
				635A97EADC6F2E2A99D197A4 /* Pods_lambda_testeroo.framework */,
				687CA072DADA3269A8762984 /* Pods_lambda_testerooTests.framework */,
				4C58795873A9E6EE32352358 /* Pods_lambda_testerooUITests.framework */,
			);
			name = Frameworks;
			sourceTree = "<group>";
		};
/* End PBXGroup section */

/* Begin PBXNativeTarget section */
		6A095F82217BE10B00DACA70 /* lambda-testeroo */ = {
			isa = PBXNativeTarget;
			buildConfigurationList = 6A095FAB217BE10E00DACA70 /* Build configuration list for PBXNativeTarget "lambda-testeroo" */;
			buildPhases = (
				D477DAE2DB475FE93218547C /* [CP] Check Pods Manifest.lock */,
				6A095F7F217BE10B00DACA70 /* Sources */,
				6A095F80217BE10B00DACA70 /* Frameworks */,
				6A095F81217BE10B00DACA70 /* Resources */,
				A7F694AF74FF7CF3CF6AA2ED /* [CP] Embed Pods Frameworks */,
			);
			buildRules = (
			);
			dependencies = (
			);
			name = "lambda-testeroo";
			productName = "lambda-testeroo";
			productReference = 6A095F83217BE10B00DACA70 /* lambda-testeroo.app */;
			productType = "com.apple.product-type.application";
		};
		6A095F96217BE10E00DACA70 /* lambda-testerooTests */ = {
			isa = PBXNativeTarget;
			buildConfigurationList = 6A095FAE217BE10E00DACA70 /* Build configuration list for PBXNativeTarget "lambda-testerooTests" */;
			buildPhases = (
				E6AEF0FA524C5A35BC57DFB3 /* [CP] Check Pods Manifest.lock */,
				6A095F93217BE10E00DACA70 /* Sources */,
				6A095F94217BE10E00DACA70 /* Frameworks */,
				6A095F95217BE10E00DACA70 /* Resources */,
			);
			buildRules = (
			);
			dependencies = (
				6A095F99217BE10E00DACA70 /* PBXTargetDependency */,
			);
			name = "lambda-testerooTests";
			productName = "lambda-testerooTests";
			productReference = 6A095F97217BE10E00DACA70 /* lambda-testerooTests.xctest */;
			productType = "com.apple.product-type.bundle.unit-test";
		};
		6A095FA1217BE10E00DACA70 /* lambda-testerooUITests */ = {
			isa = PBXNativeTarget;
			buildConfigurationList = 6A095FB1217BE10E00DACA70 /* Build configuration list for PBXNativeTarget "lambda-testerooUITests" */;
			buildPhases = (
				0D6E5BECBB8101232A4B8751 /* [CP] Check Pods Manifest.lock */,
				6A095F9E217BE10E00DACA70 /* Sources */,
				6A095F9F217BE10E00DACA70 /* Frameworks */,
				6A095FA0217BE10E00DACA70 /* Resources */,
			);
			buildRules = (
			);
			dependencies = (
				6A095FA4217BE10E00DACA70 /* PBXTargetDependency */,
			);
			name = "lambda-testerooUITests";
			productName = "lambda-testerooUITests";
			productReference = 6A095FA2217BE10E00DACA70 /* lambda-testerooUITests.xctest */;
			productType = "com.apple.product-type.bundle.ui-testing";
		};
/* End PBXNativeTarget section */

/* Begin PBXProject section */
		6A095F7B217BE10B00DACA70 /* Project object */ = {
			isa = PBXProject;
			attributes = {
				LastSwiftUpdateCheck = 1000;
				LastUpgradeCheck = 1000;
				ORGANIZATIONNAME = "Isaac Shannon";
				TargetAttributes = {
					6A095F82217BE10B00DACA70 = {
						CreatedOnToolsVersion = 10.0;
					};
					6A095F96217BE10E00DACA70 = {
						CreatedOnToolsVersion = 10.0;
						TestTargetID = 6A095F82217BE10B00DACA70;
					};
					6A095FA1217BE10E00DACA70 = {
						CreatedOnToolsVersion = 10.0;
						TestTargetID = 6A095F82217BE10B00DACA70;
					};
				};
			};
			buildConfigurationList = 6A095F7E217BE10B00DACA70 /* Build configuration list for PBXProject "lambda-testeroo" */;
			compatibilityVersion = "Xcode 9.3";
			developmentRegion = en;
			hasScannedForEncodings = 0;
			knownRegions = (
				en,
				Base,
			);
			mainGroup = 6A095F7A217BE10B00DACA70;
			productRefGroup = 6A095F84217BE10B00DACA70 /* Products */;
			projectDirPath = "";
			projectRoot = "";
			targets = (
				6A095F82217BE10B00DACA70 /* lambda-testeroo */,
				6A095F96217BE10E00DACA70 /* lambda-testerooTests */,
				6A095FA1217BE10E00DACA70 /* lambda-testerooUITests */,
			);
		};
/* End PBXProject section */

/* Begin PBXResourcesBuildPhase section */
		6A095F81217BE10B00DACA70 /* Resources */ = {
			isa = PBXResourcesBuildPhase;
			buildActionMask = 2147483647;
			files = (
				6A095F91217BE10E00DACA70 /* LaunchScreen.storyboard in Resources */,
				6A095F8E217BE10E00DACA70 /* Assets.xcassets in Resources */,
				6A2363F3217BE6C000D8CA33 /* Podfile in Resources */,
				6A095F8C217BE10B00DACA70 /* Main.storyboard in Resources */,
			);
			runOnlyForDeploymentPostprocessing = 0;
		};
		6A095F95217BE10E00DACA70 /* Resources */ = {
			isa = PBXResourcesBuildPhase;
			buildActionMask = 2147483647;
			files = (
			);
			runOnlyForDeploymentPostprocessing = 0;
		};
		6A095FA0217BE10E00DACA70 /* Resources */ = {
			isa = PBXResourcesBuildPhase;
			buildActionMask = 2147483647;
			files = (
			);
			runOnlyForDeploymentPostprocessing = 0;
		};
/* End PBXResourcesBuildPhase section */

/* Begin PBXShellScriptBuildPhase section */
		0D6E5BECBB8101232A4B8751 /* [CP] Check Pods Manifest.lock */ = {
			isa = PBXShellScriptBuildPhase;
			buildActionMask = 2147483647;
			files = (
			);
			inputFileListPaths = (
			);
			inputPaths = (
				"${PODS_PODFILE_DIR_PATH}/Podfile.lock",
				"${PODS_ROOT}/Manifest.lock",
			);
			name = "[CP] Check Pods Manifest.lock";
			outputFileListPaths = (
			);
			outputPaths = (
				"$(DERIVED_FILE_DIR)/Pods-lambda-testerooUITests-checkManifestLockResult.txt",
			);
			runOnlyForDeploymentPostprocessing = 0;
			shellPath = /bin/sh;
			shellScript = "diff \"${PODS_PODFILE_DIR_PATH}/Podfile.lock\" \"${PODS_ROOT}/Manifest.lock\" > /dev/null\nif [ $? != 0 ] ; then\n    # print error to STDERR\n    echo \"error: The sandbox is not in sync with the Podfile.lock. Run 'pod install' or update your CocoaPods installation.\" >&2\n    exit 1\nfi\n# This output is used by Xcode 'outputs' to avoid re-running this script phase.\necho \"SUCCESS\" > \"${SCRIPT_OUTPUT_FILE_0}\"\n";
			showEnvVarsInLog = 0;
		};
		A7F694AF74FF7CF3CF6AA2ED /* [CP] Embed Pods Frameworks */ = {
			isa = PBXShellScriptBuildPhase;
			buildActionMask = 2147483647;
			files = (
			);
			inputFileListPaths = (
			);
			inputPaths = (
				"${SRCROOT}/Pods/Target Support Files/Pods-lambda-testeroo/Pods-lambda-testeroo-frameworks.sh",
				"${BUILT_PRODUCTS_DIR}/AWSCognito/AWSCognito.framework",
				"${BUILT_PRODUCTS_DIR}/AWSCore/AWSCore.framework",
				"${BUILT_PRODUCTS_DIR}/AWSLambda/AWSLambda.framework",
			);
			name = "[CP] Embed Pods Frameworks";
			outputFileListPaths = (
			);
			outputPaths = (
				"${TARGET_BUILD_DIR}/${FRAMEWORKS_FOLDER_PATH}/AWSCognito.framework",
				"${TARGET_BUILD_DIR}/${FRAMEWORKS_FOLDER_PATH}/AWSCore.framework",
				"${TARGET_BUILD_DIR}/${FRAMEWORKS_FOLDER_PATH}/AWSLambda.framework",
			);
			runOnlyForDeploymentPostprocessing = 0;
			shellPath = /bin/sh;
			shellScript = "\"${SRCROOT}/Pods/Target Support Files/Pods-lambda-testeroo/Pods-lambda-testeroo-frameworks.sh\"\n";
			showEnvVarsInLog = 0;
		};
		D477DAE2DB475FE93218547C /* [CP] Check Pods Manifest.lock */ = {
			isa = PBXShellScriptBuildPhase;
			buildActionMask = 2147483647;
			files = (
			);
			inputFileListPaths = (
			);
			inputPaths = (
				"${PODS_PODFILE_DIR_PATH}/Podfile.lock",
				"${PODS_ROOT}/Manifest.lock",
			);
			name = "[CP] Check Pods Manifest.lock";
			outputFileListPaths = (
			);
			outputPaths = (
				"$(DERIVED_FILE_DIR)/Pods-lambda-testeroo-checkManifestLockResult.txt",
			);
			runOnlyForDeploymentPostprocessing = 0;
			shellPath = /bin/sh;
			shellScript = "diff \"${PODS_PODFILE_DIR_PATH}/Podfile.lock\" \"${PODS_ROOT}/Manifest.lock\" > /dev/null\nif [ $? != 0 ] ; then\n    # print error to STDERR\n    echo \"error: The sandbox is not in sync with the Podfile.lock. Run 'pod install' or update your CocoaPods installation.\" >&2\n    exit 1\nfi\n# This output is used by Xcode 'outputs' to avoid re-running this script phase.\necho \"SUCCESS\" > \"${SCRIPT_OUTPUT_FILE_0}\"\n";
			showEnvVarsInLog = 0;
		};
		E6AEF0FA524C5A35BC57DFB3 /* [CP] Check Pods Manifest.lock */ = {
			isa = PBXShellScriptBuildPhase;
			buildActionMask = 2147483647;
			files = (
			);
			inputFileListPaths = (
			);
			inputPaths = (
				"${PODS_PODFILE_DIR_PATH}/Podfile.lock",
				"${PODS_ROOT}/Manifest.lock",
			);
			name = "[CP] Check Pods Manifest.lock";
			outputFileListPaths = (
			);
			outputPaths = (
				"$(DERIVED_FILE_DIR)/Pods-lambda-testerooTests-checkManifestLockResult.txt",
			);
			runOnlyForDeploymentPostprocessing = 0;
			shellPath = /bin/sh;
			shellScript = "diff \"${PODS_PODFILE_DIR_PATH}/Podfile.lock\" \"${PODS_ROOT}/Manifest.lock\" > /dev/null\nif [ $? != 0 ] ; then\n    # print error to STDERR\n    echo \"error: The sandbox is not in sync with the Podfile.lock. Run 'pod install' or update your CocoaPods installation.\" >&2\n    exit 1\nfi\n# This output is used by Xcode 'outputs' to avoid re-running this script phase.\necho \"SUCCESS\" > \"${SCRIPT_OUTPUT_FILE_0}\"\n";
			showEnvVarsInLog = 0;
		};
/* End PBXShellScriptBuildPhase section */

/* Begin PBXSourcesBuildPhase section */
		6A095F7F217BE10B00DACA70 /* Sources */ = {
			isa = PBXSourcesBuildPhase;
			buildActionMask = 2147483647;
			files = (
				6A095F89217BE10B00DACA70 /* ViewController.swift in Sources */,
				6A095F87217BE10B00DACA70 /* AppDelegate.swift in Sources */,
			);
			runOnlyForDeploymentPostprocessing = 0;
		};
		6A095F93217BE10E00DACA70 /* Sources */ = {
			isa = PBXSourcesBuildPhase;
			buildActionMask = 2147483647;
			files = (
				6A095F9C217BE10E00DACA70 /* lambda_testerooTests.swift in Sources */,
			);
			runOnlyForDeploymentPostprocessing = 0;
		};
		6A095F9E217BE10E00DACA70 /* Sources */ = {
			isa = PBXSourcesBuildPhase;
			buildActionMask = 2147483647;
			files = (
				6A095FA7217BE10E00DACA70 /* lambda_testerooUITests.swift in Sources */,
			);
			runOnlyForDeploymentPostprocessing = 0;
		};
/* End PBXSourcesBuildPhase section */

/* Begin PBXTargetDependency section */
		6A095F99217BE10E00DACA70 /* PBXTargetDependency */ = {
			isa = PBXTargetDependency;
			target = 6A095F82217BE10B00DACA70 /* lambda-testeroo */;
			targetProxy = 6A095F98217BE10E00DACA70 /* PBXContainerItemProxy */;
		};
		6A095FA4217BE10E00DACA70 /* PBXTargetDependency */ = {
			isa = PBXTargetDependency;
			target = 6A095F82217BE10B00DACA70 /* lambda-testeroo */;
			targetProxy = 6A095FA3217BE10E00DACA70 /* PBXContainerItemProxy */;
		};
/* End PBXTargetDependency section */

/* Begin PBXVariantGroup section */
		6A095F8A217BE10B00DACA70 /* Main.storyboard */ = {
			isa = PBXVariantGroup;
			children = (
				6A095F8B217BE10B00DACA70 /* Base */,
			);
			name = Main.storyboard;
			sourceTree = "<group>";
		};
		6A095F8F217BE10E00DACA70 /* LaunchScreen.storyboard */ = {
			isa = PBXVariantGroup;
			children = (
				6A095F90217BE10E00DACA70 /* Base */,
			);
			name = LaunchScreen.storyboard;
			sourceTree = "<group>";
		};
/* End PBXVariantGroup section */

/* Begin XCBuildConfiguration section */
		6A095FA9217BE10E00DACA70 /* Debug */ = {
			isa = XCBuildConfiguration;
			buildSettings = {
				ALWAYS_SEARCH_USER_PATHS = NO;
				CLANG_ANALYZER_NONNULL = YES;
				CLANG_ANALYZER_NUMBER_OBJECT_CONVERSION = YES_AGGRESSIVE;
				CLANG_CXX_LANGUAGE_STANDARD = "gnu++14";
				CLANG_CXX_LIBRARY = "libc++";
				CLANG_ENABLE_MODULES = YES;
				CLANG_ENABLE_OBJC_ARC = YES;
				CLANG_ENABLE_OBJC_WEAK = YES;
				CLANG_WARN_BLOCK_CAPTURE_AUTORELEASING = YES;
				CLANG_WARN_BOOL_CONVERSION = YES;
				CLANG_WARN_COMMA = YES;
				CLANG_WARN_CONSTANT_CONVERSION = YES;
				CLANG_WARN_DEPRECATED_OBJC_IMPLEMENTATIONS = YES;
				CLANG_WARN_DIRECT_OBJC_ISA_USAGE = YES_ERROR;
				CLANG_WARN_DOCUMENTATION_COMMENTS = YES;
				CLANG_WARN_EMPTY_BODY = YES;
				CLANG_WARN_ENUM_CONVERSION = YES;
				CLANG_WARN_INFINITE_RECURSION = YES;
				CLANG_WARN_INT_CONVERSION = YES;
				CLANG_WARN_NON_LITERAL_NULL_CONVERSION = YES;
				CLANG_WARN_OBJC_IMPLICIT_RETAIN_SELF = YES;
				CLANG_WARN_OBJC_LITERAL_CONVERSION = YES;
				CLANG_WARN_OBJC_ROOT_CLASS = YES_ERROR;
				CLANG_WARN_RANGE_LOOP_ANALYSIS = YES;
				CLANG_WARN_STRICT_PROTOTYPES = YES;
				CLANG_WARN_SUSPICIOUS_MOVE = YES;
				CLANG_WARN_UNGUARDED_AVAILABILITY = YES_AGGRESSIVE;
				CLANG_WARN_UNREACHABLE_CODE = YES;
				CLANG_WARN__DUPLICATE_METHOD_MATCH = YES;
				CODE_SIGN_IDENTITY = "iPhone Developer";
				COPY_PHASE_STRIP = NO;
				DEBUG_INFORMATION_FORMAT = dwarf;
				ENABLE_STRICT_OBJC_MSGSEND = YES;
				ENABLE_TESTABILITY = YES;
				GCC_C_LANGUAGE_STANDARD = gnu11;
				GCC_DYNAMIC_NO_PIC = NO;
				GCC_NO_COMMON_BLOCKS = YES;
				GCC_OPTIMIZATION_LEVEL = 0;
				GCC_PREPROCESSOR_DEFINITIONS = (
					"DEBUG=1",
					"$(inherited)",
				);
				GCC_WARN_64_TO_32_BIT_CONVERSION = YES;
				GCC_WARN_ABOUT_RETURN_TYPE = YES_ERROR;
				GCC_WARN_UNDECLARED_SELECTOR = YES;
				GCC_WARN_UNINITIALIZED_AUTOS = YES_AGGRESSIVE;
				GCC_WARN_UNUSED_FUNCTION = YES;
				GCC_WARN_UNUSED_VARIABLE = YES;
				IPHONEOS_DEPLOYMENT_TARGET = 12.0;
				MTL_ENABLE_DEBUG_INFO = INCLUDE_SOURCE;
				MTL_FAST_MATH = YES;
				ONLY_ACTIVE_ARCH = YES;
				SDKROOT = iphoneos;
				SWIFT_ACTIVE_COMPILATION_CONDITIONS = DEBUG;
				SWIFT_OPTIMIZATION_LEVEL = "-Onone";
			};
			name = Debug;
		};
		6A095FAA217BE10E00DACA70 /* Release */ = {
			isa = XCBuildConfiguration;
			buildSettings = {
				ALWAYS_SEARCH_USER_PATHS = NO;
				CLANG_ANALYZER_NONNULL = YES;
				CLANG_ANALYZER_NUMBER_OBJECT_CONVERSION = YES_AGGRESSIVE;
				CLANG_CXX_LANGUAGE_STANDARD = "gnu++14";
				CLANG_CXX_LIBRARY = "libc++";
				CLANG_ENABLE_MODULES = YES;
				CLANG_ENABLE_OBJC_ARC = YES;
				CLANG_ENABLE_OBJC_WEAK = YES;
				CLANG_WARN_BLOCK_CAPTURE_AUTORELEASING = YES;
				CLANG_WARN_BOOL_CONVERSION = YES;
				CLANG_WARN_COMMA = YES;
				CLANG_WARN_CONSTANT_CONVERSION = YES;
				CLANG_WARN_DEPRECATED_OBJC_IMPLEMENTATIONS = YES;
				CLANG_WARN_DIRECT_OBJC_ISA_USAGE = YES_ERROR;
				CLANG_WARN_DOCUMENTATION_COMMENTS = YES;
				CLANG_WARN_EMPTY_BODY = YES;
				CLANG_WARN_ENUM_CONVERSION = YES;
				CLANG_WARN_INFINITE_RECURSION = YES;
				CLANG_WARN_INT_CONVERSION = YES;
				CLANG_WARN_NON_LITERAL_NULL_CONVERSION = YES;
				CLANG_WARN_OBJC_IMPLICIT_RETAIN_SELF = YES;
				CLANG_WARN_OBJC_LITERAL_CONVERSION = YES;
				CLANG_WARN_OBJC_ROOT_CLASS = YES_ERROR;
				CLANG_WARN_RANGE_LOOP_ANALYSIS = YES;
				CLANG_WARN_STRICT_PROTOTYPES = YES;
				CLANG_WARN_SUSPICIOUS_MOVE = YES;
				CLANG_WARN_UNGUARDED_AVAILABILITY = YES_AGGRESSIVE;
				CLANG_WARN_UNREACHABLE_CODE = YES;
				CLANG_WARN__DUPLICATE_METHOD_MATCH = YES;
				CODE_SIGN_IDENTITY = "iPhone Developer";
				COPY_PHASE_STRIP = NO;
				DEBUG_INFORMATION_FORMAT = "dwarf-with-dsym";
				ENABLE_NS_ASSERTIONS = NO;
				ENABLE_STRICT_OBJC_MSGSEND = YES;
				GCC_C_LANGUAGE_STANDARD = gnu11;
				GCC_NO_COMMON_BLOCKS = YES;
				GCC_WARN_64_TO_32_BIT_CONVERSION = YES;
				GCC_WARN_ABOUT_RETURN_TYPE = YES_ERROR;
				GCC_WARN_UNDECLARED_SELECTOR = YES;
				GCC_WARN_UNINITIALIZED_AUTOS = YES_AGGRESSIVE;
				GCC_WARN_UNUSED_FUNCTION = YES;
				GCC_WARN_UNUSED_VARIABLE = YES;
				IPHONEOS_DEPLOYMENT_TARGET = 12.0;
				MTL_ENABLE_DEBUG_INFO = NO;
				MTL_FAST_MATH = YES;
				SDKROOT = iphoneos;
				SWIFT_COMPILATION_MODE = wholemodule;
				SWIFT_OPTIMIZATION_LEVEL = "-O";
				VALIDATE_PRODUCT = YES;
			};
			name = Release;
		};
		6A095FAC217BE10E00DACA70 /* Debug */ = {
			isa = XCBuildConfiguration;
			baseConfigurationReference = 58340AE07BC7005F19041380 /* Pods-lambda-testeroo.debug.xcconfig */;
			buildSettings = {
				ASSETCATALOG_COMPILER_APPICON_NAME = AppIcon;
				CODE_SIGN_STYLE = Automatic;
				DEVELOPMENT_TEAM = 7LQEN34BH2;
				INFOPLIST_FILE = "lambda-testeroo/Info.plist";
				LD_RUNPATH_SEARCH_PATHS = (
					"$(inherited)",
					"@executable_path/Frameworks",
				);
				PRODUCT_BUNDLE_IDENTIFIER = "exersciz.lambda-testeroo";
				PRODUCT_NAME = "$(TARGET_NAME)";
				SWIFT_VERSION = 4.2;
				TARGETED_DEVICE_FAMILY = "1,2";
			};
			name = Debug;
		};
		6A095FAD217BE10E00DACA70 /* Release */ = {
			isa = XCBuildConfiguration;
			baseConfigurationReference = D80BF31AAEC157C441EF3786 /* Pods-lambda-testeroo.release.xcconfig */;
			buildSettings = {
				ASSETCATALOG_COMPILER_APPICON_NAME = AppIcon;
				CODE_SIGN_STYLE = Automatic;
				DEVELOPMENT_TEAM = 7LQEN34BH2;
				INFOPLIST_FILE = "lambda-testeroo/Info.plist";
				LD_RUNPATH_SEARCH_PATHS = (
					"$(inherited)",
					"@executable_path/Frameworks",
				);
				PRODUCT_BUNDLE_IDENTIFIER = "exersciz.lambda-testeroo";
				PRODUCT_NAME = "$(TARGET_NAME)";
				SWIFT_VERSION = 4.2;
				TARGETED_DEVICE_FAMILY = "1,2";
			};
			name = Release;
		};
		6A095FAF217BE10E00DACA70 /* Debug */ = {
			isa = XCBuildConfiguration;
			baseConfigurationReference = 54C6885347BC6FDCD53C0084 /* Pods-lambda-testerooTests.debug.xcconfig */;
			buildSettings = {
				ALWAYS_EMBED_SWIFT_STANDARD_LIBRARIES = YES;
				BUNDLE_LOADER = "$(TEST_HOST)";
				CODE_SIGN_STYLE = Automatic;
				DEVELOPMENT_TEAM = 7LQEN34BH2;
				INFOPLIST_FILE = "lambda-testerooTests/Info.plist";
				LD_RUNPATH_SEARCH_PATHS = (
					"$(inherited)",
					"@executable_path/Frameworks",
					"@loader_path/Frameworks",
				);
				PRODUCT_BUNDLE_IDENTIFIER = "exersciz.lambda-testerooTests";
				PRODUCT_NAME = "$(TARGET_NAME)";
				SWIFT_VERSION = 4.2;
				TARGETED_DEVICE_FAMILY = "1,2";
				TEST_HOST = "$(BUILT_PRODUCTS_DIR)/lambda-testeroo.app/lambda-testeroo";
			};
			name = Debug;
		};
		6A095FB0217BE10E00DACA70 /* Release */ = {
			isa = XCBuildConfiguration;
			baseConfigurationReference = C670095B9720A1FB3225E8FE /* Pods-lambda-testerooTests.release.xcconfig */;
			buildSettings = {
				ALWAYS_EMBED_SWIFT_STANDARD_LIBRARIES = YES;
				BUNDLE_LOADER = "$(TEST_HOST)";
				CODE_SIGN_STYLE = Automatic;
				DEVELOPMENT_TEAM = 7LQEN34BH2;
				INFOPLIST_FILE = "lambda-testerooTests/Info.plist";
				LD_RUNPATH_SEARCH_PATHS = (
					"$(inherited)",
					"@executable_path/Frameworks",
					"@loader_path/Frameworks",
				);
				PRODUCT_BUNDLE_IDENTIFIER = "exersciz.lambda-testerooTests";
				PRODUCT_NAME = "$(TARGET_NAME)";
				SWIFT_VERSION = 4.2;
				TARGETED_DEVICE_FAMILY = "1,2";
				TEST_HOST = "$(BUILT_PRODUCTS_DIR)/lambda-testeroo.app/lambda-testeroo";
			};
			name = Release;
		};
		6A095FB2217BE10E00DACA70 /* Debug */ = {
			isa = XCBuildConfiguration;
			baseConfigurationReference = 9A9AF5A9284496DDFBD6BF38 /* Pods-lambda-testerooUITests.debug.xcconfig */;
			buildSettings = {
				ALWAYS_EMBED_SWIFT_STANDARD_LIBRARIES = YES;
				CODE_SIGN_STYLE = Automatic;
				DEVELOPMENT_TEAM = 7LQEN34BH2;
				INFOPLIST_FILE = "lambda-testerooUITests/Info.plist";
				LD_RUNPATH_SEARCH_PATHS = (
					"$(inherited)",
					"@executable_path/Frameworks",
					"@loader_path/Frameworks",
				);
				PRODUCT_BUNDLE_IDENTIFIER = "exersciz.lambda-testerooUITests";
				PRODUCT_NAME = "$(TARGET_NAME)";
				SWIFT_VERSION = 4.2;
				TARGETED_DEVICE_FAMILY = "1,2";
				TEST_TARGET_NAME = "lambda-testeroo";
			};
			name = Debug;
		};
		6A095FB3217BE10E00DACA70 /* Release */ = {
			isa = XCBuildConfiguration;
			baseConfigurationReference = 9700695B5920A670B4BF0BBF /* Pods-lambda-testerooUITests.release.xcconfig */;
			buildSettings = {
				ALWAYS_EMBED_SWIFT_STANDARD_LIBRARIES = YES;
				CODE_SIGN_STYLE = Automatic;
				DEVELOPMENT_TEAM = 7LQEN34BH2;
				INFOPLIST_FILE = "lambda-testerooUITests/Info.plist";
				LD_RUNPATH_SEARCH_PATHS = (
					"$(inherited)",
					"@executable_path/Frameworks",
					"@loader_path/Frameworks",
				);
				PRODUCT_BUNDLE_IDENTIFIER = "exersciz.lambda-testerooUITests";
				PRODUCT_NAME = "$(TARGET_NAME)";
				SWIFT_VERSION = 4.2;
				TARGETED_DEVICE_FAMILY = "1,2";
				TEST_TARGET_NAME = "lambda-testeroo";
			};
			name = Release;
		};
/* End XCBuildConfiguration section */

/* Begin XCConfigurationList section */
		6A095F7E217BE10B00DACA70 /* Build configuration list for PBXProject "lambda-testeroo" */ = {
			isa = XCConfigurationList;
			buildConfigurations = (
				6A095FA9217BE10E00DACA70 /* Debug */,
				6A095FAA217BE10E00DACA70 /* Release */,
			);
			defaultConfigurationIsVisible = 0;
			defaultConfigurationName = Release;
		};
		6A095FAB217BE10E00DACA70 /* Build configuration list for PBXNativeTarget "lambda-testeroo" */ = {
			isa = XCConfigurationList;
			buildConfigurations = (
				6A095FAC217BE10E00DACA70 /* Debug */,
				6A095FAD217BE10E00DACA70 /* Release */,
			);
			defaultConfigurationIsVisible = 0;
			defaultConfigurationName = Release;
		};
		6A095FAE217BE10E00DACA70 /* Build configuration list for PBXNativeTarget "lambda-testerooTests" */ = {
			isa = XCConfigurationList;
			buildConfigurations = (
				6A095FAF217BE10E00DACA70 /* Debug */,
				6A095FB0217BE10E00DACA70 /* Release */,
			);
			defaultConfigurationIsVisible = 0;
			defaultConfigurationName = Release;
		};
		6A095FB1217BE10E00DACA70 /* Build configuration list for PBXNativeTarget "lambda-testerooUITests" */ = {
			isa = XCConfigurationList;
			buildConfigurations = (
				6A095FB2217BE10E00DACA70 /* Debug */,
				6A095FB3217BE10E00DACA70 /* Release */,
			);
			defaultConfigurationIsVisible = 0;
			defaultConfigurationName = Release;
		};
/* End XCConfigurationList section */
	};
	rootObject = 6A095F7B217BE10B00DACA70 /* Project object */;
}
